// !$*UTF8*$!
{
	archiveVersion = 1;
	classes = {
	};
	objectVersion = 46;
	objects = {

/* Begin PBXBuildFile section */
		821C68691A9FEBFB002E6ED8 /* AppDelegate.swift in Sources */ = {isa = PBXBuildFile; fileRef = 821C68681A9FEBFB002E6ED8 /* AppDelegate.swift */; };
		821C686B1A9FEBFB002E6ED8 /* ViewController.swift in Sources */ = {isa = PBXBuildFile; fileRef = 821C686A1A9FEBFB002E6ED8 /* ViewController.swift */; };
		821C686E1A9FEBFC002E6ED8 /* Main.storyboard in Resources */ = {isa = PBXBuildFile; fileRef = 821C686C1A9FEBFC002E6ED8 /* Main.storyboard */; };
		821C68701A9FEBFC002E6ED8 /* Images.xcassets in Resources */ = {isa = PBXBuildFile; fileRef = 821C686F1A9FEBFC002E6ED8 /* Images.xcassets */; };
		821C68731A9FEBFC002E6ED8 /* LaunchScreen.xib in Resources */ = {isa = PBXBuildFile; fileRef = 821C68711A9FEBFC002E6ED8 /* LaunchScreen.xib */; };
		821C687F1A9FEBFC002E6ED8 /* STABITTests.swift in Sources */ = {isa = PBXBuildFile; fileRef = 821C687E1A9FEBFC002E6ED8 /* STABITTests.swift */; };
/* End PBXBuildFile section */

/* Begin PBXContainerItemProxy section */
		821C68791A9FEBFC002E6ED8 /* PBXContainerItemProxy */ = {
			isa = PBXContainerItemProxy;
			containerPortal = 821C685B1A9FEBFB002E6ED8 /* Project object */;
			proxyType = 1;
			remoteGlobalIDString = 821C68621A9FEBFB002E6ED8;
			remoteInfo = STABIT;
		};
/* End PBXContainerItemProxy section */

/* Begin PBXFileReference section */
		821C68631A9FEBFB002E6ED8 /* STABIT.app */ = {isa = PBXFileReference; explicitFileType = wrapper.application; includeInIndex = 0; path = STABIT.app; sourceTree = BUILT_PRODUCTS_DIR; };
		821C68671A9FEBFB002E6ED8 /* Info.plist */ = {isa = PBXFileReference; lastKnownFileType = text.plist.xml; path = Info.plist; sourceTree = "<group>"; };
		821C68681A9FEBFB002E6ED8 /* AppDelegate.swift */ = {isa = PBXFileReference; lastKnownFileType = sourcecode.swift; path = AppDelegate.swift; sourceTree = "<group>"; };
		821C686A1A9FEBFB002E6ED8 /* ViewController.swift */ = {isa = PBXFileReference; lastKnownFileType = sourcecode.swift; path = ViewController.swift; sourceTree = "<group>"; };
		821C686D1A9FEBFC002E6ED8 /* Base */ = {isa = PBXFileReference; lastKnownFileType = file.storyboard; name = Base; path = Base.lproj/Main.storyboard; sourceTree = "<group>"; };
		821C686F1A9FEBFC002E6ED8 /* Images.xcassets */ = {isa = PBXFileReference; lastKnownFileType = folder.assetcatalog; path = Images.xcassets; sourceTree = "<group>"; };
		821C68721A9FEBFC002E6ED8 /* Base */ = {isa = PBXFileReference; lastKnownFileType = file.xib; name = Base; path = Base.lproj/LaunchScreen.xib; sourceTree = "<group>"; };
		821C68781A9FEBFC002E6ED8 /* STABITTests.xctest */ = {isa = PBXFileReference; explicitFileType = wrapper.cfbundle; includeInIndex = 0; path = STABITTests.xctest; sourceTree = BUILT_PRODUCTS_DIR; };
		821C687D1A9FEBFC002E6ED8 /* Info.plist */ = {isa = PBXFileReference; lastKnownFileType = text.plist.xml; path = Info.plist; sourceTree = "<group>"; };
		821C687E1A9FEBFC002E6ED8 /* STABITTests.swift */ = {isa = PBXFileReference; lastKnownFileType = sourcecode.swift; path = STABITTests.swift; sourceTree = "<group>"; };
/* End PBXFileReference section */

/* Begin PBXFrameworksBuildPhase section */
		821C68601A9FEBFB002E6ED8 /* Frameworks */ = {
			isa = PBXFrameworksBuildPhase;
			buildActionMask = 2147483647;
			files = (
			);
			runOnlyForDeploymentPostprocessing = 0;
		};
		821C68751A9FEBFC002E6ED8 /* Frameworks */ = {
			isa = PBXFrameworksBuildPhase;
			buildActionMask = 2147483647;
			files = (
			);
			runOnlyForDeploymentPostprocessing = 0;
		};
/* End PBXFrameworksBuildPhase section */

/* Begin PBXGroup section */
		821C685A1A9FEBFB002E6ED8 = {
			isa = PBXGroup;
			children = (
				821C68651A9FEBFB002E6ED8 /* STABIT */,
				821C687B1A9FEBFC002E6ED8 /* STABITTests */,
				821C68641A9FEBFB002E6ED8 /* Products */,
			);
			sourceTree = "<group>";
		};
		821C68641A9FEBFB002E6ED8 /* Products */ = {
			isa = PBXGroup;
			children = (
				821C68631A9FEBFB002E6ED8 /* STABIT.app */,
				821C68781A9FEBFC002E6ED8 /* STABITTests.xctest */,
			);
			name = Products;
			sourceTree = "<group>";
		};
		821C68651A9FEBFB002E6ED8 /* STABIT */ = {
			isa = PBXGroup;
			children = (
				821C68681A9FEBFB002E6ED8 /* AppDelegate.swift */,
				821C686A1A9FEBFB002E6ED8 /* ViewController.swift */,
				821C686C1A9FEBFC002E6ED8 /* Main.storyboard */,
				821C686F1A9FEBFC002E6ED8 /* Images.xcassets */,
				821C68711A9FEBFC002E6ED8 /* LaunchScreen.xib */,
				821C68661A9FEBFB002E6ED8 /* Supporting Files */,
			);
			path = STABIT;
			sourceTree = "<group>";
		};
		821C68661A9FEBFB002E6ED8 /* Supporting Files */ = {
			isa = PBXGroup;
			children = (
				821C68671A9FEBFB002E6ED8 /* Info.plist */,
			);
			name = "Supporting Files";
			sourceTree = "<group>";
		};
		821C687B1A9FEBFC002E6ED8 /* STABITTests */ = {
			isa = PBXGroup;
			children = (
				821C687E1A9FEBFC002E6ED8 /* STABITTests.swift */,
				821C687C1A9FEBFC002E6ED8 /* Supporting Files */,
			);
			path = STABITTests;
			sourceTree = "<group>";
		};
		821C687C1A9FEBFC002E6ED8 /* Supporting Files */ = {
			isa = PBXGroup;
			children = (
				821C687D1A9FEBFC002E6ED8 /* Info.plist */,
			);
			name = "Supporting Files";
			sourceTree = "<group>";
		};
/* End PBXGroup section */

/* Begin PBXNativeTarget section */
		821C68621A9FEBFB002E6ED8 /* STABIT */ = {
			isa = PBXNativeTarget;
			buildConfigurationList = 821C68821A9FEBFC002E6ED8 /* Build configuration list for PBXNativeTarget "STABIT" */;
			buildPhases = (
				821C685F1A9FEBFB002E6ED8 /* Sources */,
				821C68601A9FEBFB002E6ED8 /* Frameworks */,
				821C68611A9FEBFB002E6ED8 /* Resources */,
			);
			buildRules = (
			);
			dependencies = (
			);
			name = STABIT;
			productName = STABIT;
			productReference = 821C68631A9FEBFB002E6ED8 /* STABIT.app */;
			productType = "com.apple.product-type.application";
		};
		821C68771A9FEBFC002E6ED8 /* STABITTests */ = {
			isa = PBXNativeTarget;
			buildConfigurationList = 821C68851A9FEBFC002E6ED8 /* Build configuration list for PBXNativeTarget "STABITTests" */;
			buildPhases = (
				821C68741A9FEBFC002E6ED8 /* Sources */,
				821C68751A9FEBFC002E6ED8 /* Frameworks */,
				821C68761A9FEBFC002E6ED8 /* Resources */,
			);
			buildRules = (
			);
			dependencies = (
				821C687A1A9FEBFC002E6ED8 /* PBXTargetDependency */,
			);
			name = STABITTests;
			productName = STABITTests;
			productReference = 821C68781A9FEBFC002E6ED8 /* STABITTests.xctest */;
			productType = "com.apple.product-type.bundle.unit-test";
		};
/* End PBXNativeTarget section */

/* Begin PBXProject section */
		821C685B1A9FEBFB002E6ED8 /* Project object */ = {
			isa = PBXProject;
			attributes = {
				LastUpgradeCheck = 0610;
				ORGANIZATIONNAME = "Jessica Tercero";
				TargetAttributes = {
					821C68621A9FEBFB002E6ED8 = {
						CreatedOnToolsVersion = 6.1.1;
					};
					821C68771A9FEBFC002E6ED8 = {
						CreatedOnToolsVersion = 6.1.1;
						TestTargetID = 821C68621A9FEBFB002E6ED8;
					};
				};
			};
			buildConfigurationList = 821C685E1A9FEBFB002E6ED8 /* Build configuration list for PBXProject "STABIT" */;
			compatibilityVersion = "Xcode 3.2";
			developmentRegion = English;
			hasScannedForEncodings = 0;
			knownRegions = (
				en,
				Base,
			);
			mainGroup = 821C685A1A9FEBFB002E6ED8;
			productRefGroup = 821C68641A9FEBFB002E6ED8 /* Products */;
			projectDirPath = "";
			projectRoot = "";
			targets = (
				821C68621A9FEBFB002E6ED8 /* STABIT */,
				821C68771A9FEBFC002E6ED8 /* STABITTests */,
			);
		};
/* End PBXProject section */

/* Begin PBXResourcesBuildPhase section */
		821C68611A9FEBFB002E6ED8 /* Resources */ = {
			isa = PBXResourcesBuildPhase;
			buildActionMask = 2147483647;
			files = (
				821C686E1A9FEBFC002E6ED8 /* Main.storyboard in Resources */,
				821C68731A9FEBFC002E6ED8 /* LaunchScreen.xib in Resources */,
				821C68701A9FEBFC002E6ED8 /* Images.xcassets in Resources */,
			);
			runOnlyForDeploymentPostprocessing = 0;
		};
		821C68761A9FEBFC002E6ED8 /* Resources */ = {
			isa = PBXResourcesBuildPhase;
			buildActionMask = 2147483647;
			files = (
			);
			runOnlyForDeploymentPostprocessing = 0;
		};
/* End PBXResourcesBuildPhase section */

/* Begin PBXSourcesBuildPhase section */
		821C685F1A9FEBFB002E6ED8 /* Sources */ = {
			isa = PBXSourcesBuildPhase;
			buildActionMask = 2147483647;
			files = (
				821C686B1A9FEBFB002E6ED8 /* ViewController.swift in Sources */,
				821C68691A9FEBFB002E6ED8 /* AppDelegate.swift in Sources */,
			);
			runOnlyForDeploymentPostprocessing = 0;
		};
		821C68741A9FEBFC002E6ED8 /* Sources */ = {
			isa = PBXSourcesBuildPhase;
			buildActionMask = 2147483647;
			files = (
				821C687F1A9FEBFC002E6ED8 /* STABITTests.swift in Sources */,
			);
			runOnlyForDeploymentPostprocessing = 0;
		};
/* End PBXSourcesBuildPhase section */

/* Begin PBXTargetDependency section */
		821C687A1A9FEBFC002E6ED8 /* PBXTargetDependency */ = {
			isa = PBXTargetDependency;
			target = 821C68621A9FEBFB002E6ED8 /* STABIT */;
			targetProxy = 821C68791A9FEBFC002E6ED8 /* PBXContainerItemProxy */;
		};
/* End PBXTargetDependency section */

/* Begin PBXVariantGroup section */
		821C686C1A9FEBFC002E6ED8 /* Main.storyboard */ = {
			isa = PBXVariantGroup;
			children = (
				821C686D1A9FEBFC002E6ED8 /* Base */,
			);
			name = Main.storyboard;
			sourceTree = "<group>";
		};
		821C68711A9FEBFC002E6ED8 /* LaunchScreen.xib */ = {
			isa = PBXVariantGroup;
			children = (
				821C68721A9FEBFC002E6ED8 /* Base */,
			);
			name = LaunchScreen.xib;
			sourceTree = "<group>";
		};
/* End PBXVariantGroup section */

/* Begin XCBuildConfiguration section */
		821C68801A9FEBFC002E6ED8 /* Debug */ = {
			isa = XCBuildConfiguration;
			buildSettings = {
				ALWAYS_SEARCH_USER_PATHS = NO;
				CLANG_CXX_LANGUAGE_STANDARD = "gnu++0x";
				CLANG_CXX_LIBRARY = "libc++";
				CLANG_ENABLE_MODULES = YES;
				CLANG_ENABLE_OBJC_ARC = YES;
				CLANG_WARN_BOOL_CONVERSION = YES;
				CLANG_WARN_CONSTANT_CONVERSION = YES;
				CLANG_WARN_DIRECT_OBJC_ISA_USAGE = YES_ERROR;
				CLANG_WARN_EMPTY_BODY = YES;
				CLANG_WARN_ENUM_CONVERSION = YES;
				CLANG_WARN_INT_CONVERSION = YES;
				CLANG_WARN_OBJC_ROOT_CLASS = YES_ERROR;
				CLANG_WARN_UNREACHABLE_CODE = YES;
				CLANG_WARN__DUPLICATE_METHOD_MATCH = YES;
				"CODE_SIGN_IDENTITY[sdk=iphoneos*]" = "iPhone Developer";
				COPY_PHASE_STRIP = NO;
				ENABLE_STRICT_OBJC_MSGSEND = YES;
				GCC_C_LANGUAGE_STANDARD = gnu99;
				GCC_DYNAMIC_NO_PIC = NO;
				GCC_OPTIMIZATION_LEVEL = 0;
				GCC_PREPROCESSOR_DEFINITIONS = (
					"DEBUG=1",
					"$(inherited)",
				);
				GCC_SYMBOLS_PRIVATE_EXTERN = NO;
				GCC_WARN_64_TO_32_BIT_CONVERSION = YES;
				GCC_WARN_ABOUT_RETURN_TYPE = YES_ERROR;
				GCC_WARN_UNDECLARED_SELECTOR = YES;
				GCC_WARN_UNINITIALIZED_AUTOS = YES_AGGRESSIVE;
				GCC_WARN_UNUSED_FUNCTION = YES;
				GCC_WARN_UNUSED_VARIABLE = YES;
				IPHONEOS_DEPLOYMENT_TARGET = 8.1;
				MTL_ENABLE_DEBUG_INFO = YES;
				ONLY_ACTIVE_ARCH = YES;
				SDKROOT = iphoneos;
				SWIFT_OPTIMIZATION_LEVEL = "-Onone";
				TARGETED_DEVICE_FAMILY = "1,2";
			};
			name = Debug;
		};
		821C68811A9FEBFC002E6ED8 /* Release */ = {
			isa = XCBuildConfiguration;
			buildSettings = {
				ALWAYS_SEARCH_USER_PATHS = NO;
				CLANG_CXX_LANGUAGE_STANDARD = "gnu++0x";
				CLANG_CXX_LIBRARY = "libc++";
				CLANG_ENABLE_MODULES = YES;
				CLANG_ENABLE_OBJC_ARC = YES;
				CLANG_WARN_BOOL_CONVERSION = YES;
				CLANG_WARN_CONSTANT_CONVERSION = YES;
				CLANG_WARN_DIRECT_OBJC_ISA_USAGE = YES_ERROR;
				CLANG_WARN_EMPTY_BODY = YES;
				CLANG_WARN_ENUM_CONVERSION = YES;
				CLANG_WARN_INT_CONVERSION = YES;
				CLANG_WARN_OBJC_ROOT_CLASS = YES_ERROR;
				CLANG_WARN_UNREACHABLE_CODE = YES;
				CLANG_WARN__DUPLICATE_METHOD_MATCH = YES;
				"CODE_SIGN_IDENTITY[sdk=iphoneos*]" = "iPhone Developer";
				COPY_PHASE_STRIP = YES;
				ENABLE_NS_ASSERTIONS = NO;
				ENABLE_STRICT_OBJC_MSGSEND = YES;
				GCC_C_LANGUAGE_STANDARD = gnu99;
				GCC_WARN_64_TO_32_BIT_CONVERSION = YES;
				GCC_WARN_ABOUT_RETURN_TYPE = YES_ERROR;
				GCC_WARN_UNDECLARED_SELECTOR = YES;
				GCC_WARN_UNINITIALIZED_AUTOS = YES_AGGRESSIVE;
				GCC_WARN_UNUSED_FUNCTION = YES;
				GCC_WARN_UNUSED_VARIABLE = YES;
				IPHONEOS_DEPLOYMENT_TARGET = 8.1;
				MTL_ENABLE_DEBUG_INFO = NO;
				SDKROOT = iphoneos;
				TARGETED_DEVICE_FAMILY = "1,2";
				VALIDATE_PRODUCT = YES;
			};
			name = Release;
		};
		821C68831A9FEBFC002E6ED8 /* Debug */ = {
			isa = XCBuildConfiguration;
			buildSettings = {
				ASSETCATALOG_COMPILER_APPICON_NAME = AppIcon;
				INFOPLIST_FILE = STABIT/Info.plist;
				LD_RUNPATH_SEARCH_PATHS = "$(inherited) @executable_path/Frameworks";
				PRODUCT_NAME = "$(TARGET_NAME)";
			};
			name = Debug;
		};
		821C68841A9FEBFC002E6ED8 /* Release */ = {
			isa = XCBuildConfiguration;
			buildSettings = {
				ASSETCATALOG_COMPILER_APPICON_NAME = AppIcon;
				INFOPLIST_FILE = STABIT/Info.plist;
				LD_RUNPATH_SEARCH_PATHS = "$(inherited) @executable_path/Frameworks";
				PRODUCT_NAME = "$(TARGET_NAME)";
			};
			name = Release;
		};
		821C68861A9FEBFC002E6ED8 /* Debug */ = {
			isa = XCBuildConfiguration;
			buildSettings = {
				BUNDLE_LOADER = "$(TEST_HOST)";
				FRAMEWORK_SEARCH_PATHS = (
					"$(SDKROOT)/Developer/Library/Frameworks",
					"$(inherited)",
				);
				GCC_PREPROCESSOR_DEFINITIONS = (
					"DEBUG=1",
					"$(inherited)",
				);
				INFOPLIST_FILE = STABITTests/Info.plist;
				LD_RUNPATH_SEARCH_PATHS = "$(inherited) @executable_path/Frameworks @loader_path/Frameworks";
				PRODUCT_NAME = "$(TARGET_NAME)";
				TEST_HOST = "$(BUILT_PRODUCTS_DIR)/STABIT.app/STABIT";
			};
			name = Debug;
		};
		821C68871A9FEBFC002E6ED8 /* Release */ = {
			isa = XCBuildConfiguration;
			buildSettings = {
				BUNDLE_LOADER = "$(TEST_HOST)";
				FRAMEWORK_SEARCH_PATHS = (
					"$(SDKROOT)/Developer/Library/Frameworks",
					"$(inherited)",
				);
				INFOPLIST_FILE = STABITTests/Info.plist;
				LD_RUNPATH_SEARCH_PATHS = "$(inherited) @executable_path/Frameworks @loader_path/Frameworks";
				PRODUCT_NAME = "$(TARGET_NAME)";
				TEST_HOST = "$(BUILT_PRODUCTS_DIR)/STABIT.app/STABIT";
			};
			name = Release;
		};
/* End XCBuildConfiguration section */

/* Begin XCConfigurationList section */
		821C685E1A9FEBFB002E6ED8 /* Build configuration list for PBXProject "STABIT" */ = {
			isa = XCConfigurationList;
			buildConfigurations = (
				821C68801A9FEBFC002E6ED8 /* Debug */,
				821C68811A9FEBFC002E6ED8 /* Release */,
			);
			defaultConfigurationIsVisible = 0;
			defaultConfigurationName = Release;
		};
		821C68821A9FEBFC002E6ED8 /* Build configuration list for PBXNativeTarget "STABIT" */ = {
			isa = XCConfigurationList;
			buildConfigurations = (
				821C68831A9FEBFC002E6ED8 /* Debug */,
				821C68841A9FEBFC002E6ED8 /* Release */,
			);
			defaultConfigurationIsVisible = 0;
		};
		821C68851A9FEBFC002E6ED8 /* Build configuration list for PBXNativeTarget "STABITTests" */ = {
			isa = XCConfigurationList;
			buildConfigurations = (
				821C68861A9FEBFC002E6ED8 /* Debug */,
				821C68871A9FEBFC002E6ED8 /* Release */,
			);
			defaultConfigurationIsVisible = 0;
		};
/* End XCConfigurationList section */
	};
	rootObject = 821C685B1A9FEBFB002E6ED8 /* Project object */;
}
